
Microsoft Visual Studio Solution File, Format Version 12.00
# Visual Studio 2013
VisualStudioVersion = 12.0.31101.0
MinimumVisualStudioVersion = 10.0.40219.1
Project("{FAE04EC0-301F-11D3-BF4B-00C04F79EFBC}") = "BookClub21eng.Objects", "Objects/BookClub21eng.Objects.csproj", "{56FAA295-2E05-4833-ADCE-577721066998}"
EndProject
Project("{FAE04EC0-301F-11D3-BF4B-00C04F79EFBC}") = "BookClub21eng.ODataBackend", "ODataBackend/BookClub21eng.ODataBackend.csproj", "{8F620C0D-AF84-419B-9215-930BB440CE14}"
EndProject
Global
	GlobalSection(SolutionConfigurationPlatforms) = preSolution
Debug|Any CPU = Debug|Any CPU
Release|Any CPU = Release|Any CPU
	EndGlobalSection
	GlobalSection(ProjectConfigurationPlatforms) = postSolution
		{56FAA295-2E05-4833-ADCE-577721066998}.Debug|Any CPU.ActiveCfg = Debug|Any CPU
		{56FAA295-2E05-4833-ADCE-577721066998}.Debug|Any CPU.Build.0 = Debug|Any CPU
		{56FAA295-2E05-4833-ADCE-577721066998}.Release|Any CPU.ActiveCfg = Release|Any CPU
		{56FAA295-2E05-4833-ADCE-577721066998}.Release|Any CPU.Build.0 = Release|Any CPU
		{8F620C0D-AF84-419B-9215-930BB440CE14}.Debug|Any CPU.ActiveCfg = Debug|Any CPU
		{8F620C0D-AF84-419B-9215-930BB440CE14}.Debug|Any CPU.Build.0 = Debug|Any CPU
		{8F620C0D-AF84-419B-9215-930BB440CE14}.Release|Any CPU.ActiveCfg = Release|Any CPU
		{8F620C0D-AF84-419B-9215-930BB440CE14}.Release|Any CPU.Build.0 = Release|Any CPU
	EndGlobalSection
	GlobalSection(SolutionProperties) = preSolution
		HideSolutionNode = FALSE
	EndGlobalSection
EndGlobal
